{
    "_readme": [
        "This file locks the dependencies of your project to a known state",
        "Read more about it at http://getcomposer.org/doc/01-basic-usage.md#composer-lock-the-lock-file",
        "This file is @generated automatically"
    ],
    "hash": "6a98c49db24e3d9bde3f0fd595a1fecc",
    "packages": [
        {
            "name": "illuminate/container",
            "version": "v4.1.30",
            "target-dir": "Illuminate/Container",
            "source": {
                "type": "git",
                "url": "https://github.com/illuminate/container.git",
                "reference": "5b76abf9138fe1ad99788944e0561ebc655a254f"
            },
            "dist": {
                "type": "zip",
                "url": "https://api.github.com/repos/illuminate/container/zipball/5b76abf9138fe1ad99788944e0561ebc655a254f",
                "reference": "5b76abf9138fe1ad99788944e0561ebc655a254f",
                "shasum": ""
            },
            "require": {
                "php": ">=5.3.0"
            },
            "require-dev": {
                "phpunit/phpunit": "4.0.*"
            },
            "type": "library",
            "extra": {
                "branch-alias": {
                    "dev-master": "4.1-dev"
                }
            },
            "autoload": {
                "psr-0": {
                    "Illuminate\\Container": ""
                }
            },
            "notification-url": "https://packagist.org/downloads/",
            "license": [
                "MIT"
            ],
            "authors": [
                {
                    "name": "Taylor Otwell",
                    "email": "taylorotwell@gmail.com",
                    "homepage": "https://github.com/taylorotwell",
                    "role": "Creator of Laravel"
                }
            ],
            "time": "2014-05-22 21:07:57"
        },
        {
            "name": "illuminate/events",
            "version": "v4.1.30",
            "target-dir": "Illuminate/Events",
            "source": {
                "type": "git",
                "url": "https://github.com/illuminate/events.git",
                "reference": "4e83ee4f255ec084d510e533ef8e98961aae8729"
            },
            "dist": {
                "type": "zip",
                "url": "https://api.github.com/repos/illuminate/events/zipball/4e83ee4f255ec084d510e533ef8e98961aae8729",
                "reference": "4e83ee4f255ec084d510e533ef8e98961aae8729",
                "shasum": ""
            },
            "require": {
                "illuminate/container": "4.1.*",
                "illuminate/support": "4.1.*",
                "php": ">=5.3.0"
            },
            "require-dev": {
                "mockery/mockery": "0.9.*",
                "phpunit/phpunit": "4.0.*"
            },
            "type": "library",
            "extra": {
                "branch-alias": {
                    "dev-master": "4.1-dev"
                }
            },
            "autoload": {
                "psr-0": {
                    "Illuminate\\Events": ""
                }
            },
            "notification-url": "https://packagist.org/downloads/",
            "license": [
                "MIT"
            ],
            "authors": [
                {
                    "name": "Taylor Otwell",
                    "email": "taylorotwell@gmail.com",
                    "homepage": "https://github.com/taylorotwell",
                    "role": "Creator of Laravel"
                }
            ],
            "time": "2014-03-22 20:12:48"
        },
        {
            "name": "illuminate/filesystem",
            "version": "v4.1.30",
            "target-dir": "Illuminate/Filesystem",
            "source": {
                "type": "git",
                "url": "https://github.com/illuminate/filesystem.git",
                "reference": "bae44b67e7bd68ef676c77cdb70eb505a3aff9aa"
            },
            "dist": {
                "type": "zip",
                "url": "https://api.github.com/repos/illuminate/filesystem/zipball/bae44b67e7bd68ef676c77cdb70eb505a3aff9aa",
                "reference": "bae44b67e7bd68ef676c77cdb70eb505a3aff9aa",
                "shasum": ""
            },
            "require": {
                "illuminate/support": "4.1.*",
                "php": ">=5.3.0",
                "symfony/finder": "2.4.*"
            },
            "require-dev": {
                "phpunit/phpunit": "4.0.*"
            },
            "type": "library",
            "extra": {
                "branch-alias": {
                    "dev-master": "4.1-dev"
                }
            },
            "autoload": {
                "psr-0": {
                    "Illuminate\\Filesystem": ""
                }
            },
            "notification-url": "https://packagist.org/downloads/",
            "license": [
                "MIT"
            ],
            "authors": [
                {
                    "name": "Taylor Otwell",
                    "email": "taylorotwell@gmail.com",
                    "homepage": "https://github.com/taylorotwell",
                    "role": "Creator of Laravel"
                }
            ],
            "time": "2014-03-22 20:12:48"
        },
        {
            "name": "illuminate/support",
            "version": "v4.1.30",
            "target-dir": "Illuminate/Support",
            "source": {
                "type": "git",
                "url": "https://github.com/illuminate/support.git",
                "reference": "205a132f7d5e5222d23e17d49ad922bf349d240e"
            },
            "dist": {
                "type": "zip",
                "url": "https://api.github.com/repos/illuminate/support/zipball/205a132f7d5e5222d23e17d49ad922bf349d240e",
                "reference": "205a132f7d5e5222d23e17d49ad922bf349d240e",
                "shasum": ""
            },
            "require": {
                "php": ">=5.3.0"
            },
            "require-dev": {
                "jeremeamia/superclosure": "1.0.*",
                "mockery/mockery": "0.9.*",
                "patchwork/utf8": "1.1.*",
                "phpunit/phpunit": "4.0.*"
            },
            "type": "library",
            "extra": {
                "branch-alias": {
                    "dev-master": "4.1-dev"
                }
            },
            "autoload": {
                "psr-0": {
                    "Illuminate\\Support": ""
                },
                "files": [
                    "Illuminate/Support/helpers.php"
                ]
            },
            "notification-url": "https://packagist.org/downloads/",
            "license": [
                "MIT"
            ],
            "authors": [
                {
                    "name": "Taylor Otwell",
                    "email": "taylorotwell@gmail.com",
                    "homepage": "https://github.com/taylorotwell",
                    "role": "Creator of Laravel"
                }
            ],
            "time": "2014-05-30 16:22:08"
        },
        {
            "name": "illuminate/view",
            "version": "v4.1.30",
            "target-dir": "Illuminate/View",
            "source": {
                "type": "git",
                "url": "https://github.com/illuminate/view.git",
                "reference": "0c00ef8654114d67baadee8be707a5b7b489b892"
            },
            "dist": {
                "type": "zip",
                "url": "https://api.github.com/repos/illuminate/view/zipball/0c00ef8654114d67baadee8be707a5b7b489b892",
                "reference": "0c00ef8654114d67baadee8be707a5b7b489b892",
                "shasum": ""
            },
            "require": {
                "illuminate/container": "4.1.*",
                "illuminate/events": "4.1.*",
                "illuminate/filesystem": "4.1.*",
                "illuminate/support": "4.1.*",
                "php": ">=5.3.0"
            },
            "require-dev": {
                "mockery/mockery": "0.9.*",
                "phpunit/phpunit": "4.0.*"
            },
            "type": "library",
            "extra": {
                "branch-alias": {
                    "dev-master": "4.1-dev"
                }
            },
            "autoload": {
                "psr-0": {
                    "Illuminate\\View": ""
                }
            },
            "notification-url": "https://packagist.org/downloads/",
            "license": [
                "MIT"
            ],
            "authors": [
                {
                    "name": "Taylor Otwell",
                    "email": "taylorotwell@gmail.com",
                    "homepage": "https://github.com/taylorotwell",
                    "role": "Creator of Laravel"
                }
            ],
            "time": "2014-04-18 15:17:37"
        },
        {
            "name": "krisanalfa/blade-theme",
            "version": "dev-master",
            "source": {
                "type": "git",
                "url": "https://github.com/krisanalfa/blade-theme.git",
                "reference": "63ed50fd60fd66b46d50625205028d9b001cbe0c"
            },
            "dist": {
                "type": "zip",
                "url": "https://api.github.com/repos/krisanalfa/blade-theme/zipball/63ed50fd60fd66b46d50625205028d9b001cbe0c",
                "reference": "63ed50fd60fd66b46d50625205028d9b001cbe0c",
                "shasum": ""
            },
            "require": {
                "krisanalfa/bono-blade": ">=0.8.3"
            },
            "type": "library",
            "autoload": {
                "psr-0": {
                    "KrisanAlfa\\Theme": "src"
                }
            },
            "notification-url": "https://packagist.org/downloads/",
            "license": [
                "MIT"
            ],
            "authors": [
                {
                    "name": "Krisan Alfa Timur",
                    "email": "krisan47@gmail.com"
                }
            ],
            "description": "Basic Blade Theme Resolver Class",
            "time": "2014-10-31 07:07:44"
        },
        {
            "name": "krisanalfa/bono-blade",
            "version": "dev-master",
            "source": {
                "type": "git",
                "url": "https://github.com/krisanalfa/bono-blade.git",
                "reference": "913088b3f7165044c0fc7045c5fe0468acbcbb29"
            },
            "dist": {
                "type": "zip",
                "url": "https://api.github.com/repos/krisanalfa/bono-blade/zipball/913088b3f7165044c0fc7045c5fe0468acbcbb29",
                "reference": "913088b3f7165044c0fc7045c5fe0468acbcbb29",
                "shasum": ""
            },
            "require": {
                "illuminate/view": "~4.1.23"
            },
            "type": "library",
            "autoload": {
                "psr-0": {
                    "KrisanAlfa\\Blade": "src/"
                }
            },
            "notification-url": "https://packagist.org/downloads/",
            "license": [
                "MIT"
            ],
            "authors": [
                {
                    "name": "Krisan Alfa Timur",
                    "email": "krisan47@gmail.com"
                }
            ],
            "description": "Laravel Blade template engine for Bono PHP Framework",
            "time": "2014-10-31 07:08:33"
        },
        {
            "name": "symfony/finder",
            "version": "v2.4.10",
            "target-dir": "Symfony/Component/Finder",
            "source": {
                "type": "git",
                "url": "https://github.com/symfony/Finder.git",
                "reference": "cd03920154bc6669f64fbabb803d24cc8629964c"
            },
            "dist": {
                "type": "zip",
                "url": "https://api.github.com/repos/symfony/Finder/zipball/cd03920154bc6669f64fbabb803d24cc8629964c",
                "reference": "cd03920154bc6669f64fbabb803d24cc8629964c",
                "shasum": ""
            },
            "require": {
                "php": ">=5.3.3"
            },
            "type": "library",
            "extra": {
                "branch-alias": {
                    "dev-master": "2.4-dev"
                }
            },
            "autoload": {
                "psr-0": {
                    "Symfony\\Component\\Finder\\": ""
                }
            },
            "notification-url": "https://packagist.org/downloads/",
            "license": [
                "MIT"
            ],
            "authors": [
                {
                    "name": "Symfony Community",
                    "homepage": "http://symfony.com/contributors"
                },
                {
                    "name": "Fabien Potencier",
                    "email": "fabien@symfony.com"
                }
            ],
            "description": "Symfony Finder Component",
            "homepage": "http://symfony.com",
            "time": "2014-09-27 08:35:25"
        }
    ],
    "packages-dev": [],
    "aliases": [],
    "minimum-stability": "stable",
    "stability-flags": {
        "krisanalfa/blade-theme": 20,
        "krisanalfa/bono-blade": 20
    },
    "prefer-stable": false,
    "prefer-lowest": false,
    "platform": [],
    "platform-dev": []
}
